{
  "name": "Lab4",
  "lockfileVersion": 3,
  "requires": true,
  "packages": {
    "": {
      "devDependencies": {
        "@types/jasmine": "^5.1.6",
        "@types/mocha": "^10.0.10"
      }
    },
    "node_modules/@types/jasmine": {
      "version": "5.1.6",
      "resolved": "https://registry.npmjs.org/@types/jasmine/-/jasmine-5.1.6.tgz",
      "integrity": "sha512-JDwKwipGFDwf021BtRTuluYe1aMDNimtO72ygPrVXnZSC8Df2V22AHeIgGa84tbF4SLkRvN+dJnlV8aMwQjkVw==",
      "dev": true,
      "license": "MIT"
    },
    "node_modules/@types/mocha": {
      "version": "10.0.10",
      "resolved": "https://registry.npmjs.org/@types/mocha/-/mocha-10.0.10.tgz",
      "integrity": "sha512-xPyYSz1cMPnJQhl0CLMH68j3gprKZaTjG3s5Vi+fDgx+uhG9NOXwbVt52eFS8ECyXhyKcjDLCBEqBExKuiZb7Q==",
      "dev": true,
      "license": "MIT"
    }
  }
}
